
Microsoft Visual Studio Solution File, Format Version 11.00
# Visual Studio 2010
Project("{FAE04EC0-301F-11D3-BF4B-00C04F79EFBC}") = "PullTheBox", "Assembly-CSharp.csproj", "{D54C947A-3044-FCE3-10DA-86E8110CF972}"
EndProject
Global
	GlobalSection(SolutionConfigurationPlatforms) = preSolution
		Debug|Any CPU = Debug|Any CPU
		Release|Any CPU = Release|Any CPU
	EndGlobalSection
	GlobalSection(ProjectConfigurationPlatforms) = postSolution
		{D54C947A-3044-FCE3-10DA-86E8110CF972}.Debug|Any CPU.ActiveCfg = Debug|Any CPU
		{D54C947A-3044-FCE3-10DA-86E8110CF972}.Debug|Any CPU.Build.0 = Debug|Any CPU
		{D54C947A-3044-FCE3-10DA-86E8110CF972}.Release|Any CPU.ActiveCfg = Release|Any CPU
		{D54C947A-3044-FCE3-10DA-86E8110CF972}.Release|Any CPU.Build.0 = Release|Any CPU
	EndGlobalSection
	GlobalSection(SolutionProperties) = preSolution
		HideSolutionNode = FALSE
	EndGlobalSection
	GlobalSection(MonoDevelopProperties) = preSolution
		StartupItem = Assembly-CSharp.csproj
	EndGlobalSection
EndGlobal
